
Microsoft Visual Studio Solution File, Format Version 12.00
# Visual Studio Version 16
VisualStudioVersion = 16.0.29519.87
MinimumVisualStudioVersion = 10.0.40219.1
Project("{8BC9CEB8-8B4A-11D0-8D11-00A0C91BC942}") = "Advent-2015-1", "Advent-2015-1.vcxproj", "{F66F48E3-942E-4533-92F3-56A1074C896C}"
EndProject
Project("{8BC9CEB8-8B4A-11D0-8D11-00A0C91BC942}") = "Advent-2015-2", "..\Advent-2015-2\Advent-2015-2.vcxproj", "{02972D6B-B2FF-42D7-83E1-80F751638F10}"
EndProject
Project("{8BC9CEB8-8B4A-11D0-8D11-00A0C91BC942}") = "Advent-2015-3", "..\Advent-2015-3\Advent-2015-3.vcxproj", "{BB6A4BD4-C4D2-42F1-824A-C67E565A750D}"
EndProject
Global
	GlobalSection(SolutionConfigurationPlatforms) = preSolution
		Debug|x64 = Debug|x64
		Debug|x86 = Debug|x86
		Release|x64 = Release|x64
		Release|x86 = Release|x86
	EndGlobalSection
	GlobalSection(ProjectConfigurationPlatforms) = postSolution
		{F66F48E3-942E-4533-92F3-56A1074C896C}.Debug|x64.ActiveCfg = Debug|x64
		{F66F48E3-942E-4533-92F3-56A1074C896C}.Debug|x64.Build.0 = Debug|x64
		{F66F48E3-942E-4533-92F3-56A1074C896C}.Debug|x86.ActiveCfg = Debug|Win32
		{F66F48E3-942E-4533-92F3-56A1074C896C}.Debug|x86.Build.0 = Debug|Win32
		{F66F48E3-942E-4533-92F3-56A1074C896C}.Release|x64.ActiveCfg = Release|x64
		{F66F48E3-942E-4533-92F3-56A1074C896C}.Release|x64.Build.0 = Release|x64
		{F66F48E3-942E-4533-92F3-56A1074C896C}.Release|x86.ActiveCfg = Release|Win32
		{F66F48E3-942E-4533-92F3-56A1074C896C}.Release|x86.Build.0 = Release|Win32
		{02972D6B-B2FF-42D7-83E1-80F751638F10}.Debug|x64.ActiveCfg = Debug|x64
		{02972D6B-B2FF-42D7-83E1-80F751638F10}.Debug|x64.Build.0 = Debug|x64
		{02972D6B-B2FF-42D7-83E1-80F751638F10}.Debug|x86.ActiveCfg = Debug|Win32
		{02972D6B-B2FF-42D7-83E1-80F751638F10}.Debug|x86.Build.0 = Debug|Win32
		{02972D6B-B2FF-42D7-83E1-80F751638F10}.Release|x64.ActiveCfg = Release|x64
		{02972D6B-B2FF-42D7-83E1-80F751638F10}.Release|x64.Build.0 = Release|x64
		{02972D6B-B2FF-42D7-83E1-80F751638F10}.Release|x86.ActiveCfg = Release|Win32
		{02972D6B-B2FF-42D7-83E1-80F751638F10}.Release|x86.Build.0 = Release|Win32
		{BB6A4BD4-C4D2-42F1-824A-C67E565A750D}.Debug|x64.ActiveCfg = Debug|x64
		{BB6A4BD4-C4D2-42F1-824A-C67E565A750D}.Debug|x64.Build.0 = Debug|x64
		{BB6A4BD4-C4D2-42F1-824A-C67E565A750D}.Debug|x86.ActiveCfg = Debug|Win32
		{BB6A4BD4-C4D2-42F1-824A-C67E565A750D}.Debug|x86.Build.0 = Debug|Win32
		{BB6A4BD4-C4D2-42F1-824A-C67E565A750D}.Release|x64.ActiveCfg = Release|x64
		{BB6A4BD4-C4D2-42F1-824A-C67E565A750D}.Release|x64.Build.0 = Release|x64
		{BB6A4BD4-C4D2-42F1-824A-C67E565A750D}.Release|x86.ActiveCfg = Release|Win32
		{BB6A4BD4-C4D2-42F1-824A-C67E565A750D}.Release|x86.Build.0 = Release|Win32
	EndGlobalSection
	GlobalSection(SolutionProperties) = preSolution
		HideSolutionNode = FALSE
	EndGlobalSection
	GlobalSection(ExtensibilityGlobals) = postSolution
		SolutionGuid = {88140F32-3C1A-4144-94EA-894787E8AC2B}
	EndGlobalSection
EndGlobal
